
Microsoft Visual Studio Solution File, Format Version 12.00
# Visual Studio 15
Project("{FAE04EC0-301F-11D3-BF4B-00C04F79EFBC}") = "UnityEngine.TestRunner", "UnityEngine.TestRunner.csproj", "{42F0E46D-FA5E-6A49-3083-7225BB05C5BC}"
EndProject
Project("{FAE04EC0-301F-11D3-BF4B-00C04F79EFBC}") = "UnityEngine.UI", "UnityEngine.UI.csproj", "{D9267D12-E2E8-6BD2-ED57-95CBD7593A5B}"
EndProject
Project("{FAE04EC0-301F-11D3-BF4B-00C04F79EFBC}") = "Unity.Timeline", "Unity.Timeline.csproj", "{B9143C8D-F625-583B-7F4F-ECCA1BBA2E19}"
EndProject
Project("{FAE04EC0-301F-11D3-BF4B-00C04F79EFBC}") = "Unity.TextMeshPro", "Unity.TextMeshPro.csproj", "{DBD78167-A755-C34E-AFD8-01A2C4521664}"
EndProject
Project("{FAE04EC0-301F-11D3-BF4B-00C04F79EFBC}") = "Assembly-CSharp", "Assembly-CSharp.csproj", "{BFB4B27C-2532-38D5-A126-B4BE8C6796E8}"
EndProject
Project("{FAE04EC0-301F-11D3-BF4B-00C04F79EFBC}") = "Cinemachine", "Cinemachine.csproj", "{EFC02945-3955-AF2F-5B4D-E370A07A1D0B}"
EndProject
Project("{FAE04EC0-301F-11D3-BF4B-00C04F79EFBC}") = "Unity.Timeline.Editor", "Unity.Timeline.Editor.csproj", "{E0005E31-3CD1-2C0A-A9E5-CB80E182CD79}"
EndProject
Project("{FAE04EC0-301F-11D3-BF4B-00C04F79EFBC}") = "UnityEditor.TestRunner", "UnityEditor.TestRunner.csproj", "{D3F9CEE4-0B09-BB14-8DAB-C8EF07519396}"
EndProject
Project("{FAE04EC0-301F-11D3-BF4B-00C04F79EFBC}") = "UnityEditor.UI", "UnityEditor.UI.csproj", "{D470A338-7A05-0683-E507-94EBF4891716}"
EndProject
Project("{FAE04EC0-301F-11D3-BF4B-00C04F79EFBC}") = "Unity.VisualStudio.Editor", "Unity.VisualStudio.Editor.csproj", "{D1C6C55B-07A5-61CF-CBD1-927B47D55AED}"
EndProject
Project("{FAE04EC0-301F-11D3-BF4B-00C04F79EFBC}") = "Unity.TextMeshPro.Editor", "Unity.TextMeshPro.Editor.csproj", "{95082657-8CD4-DBD3-B7CE-B4ECFB516984}"
EndProject
Project("{FAE04EC0-301F-11D3-BF4B-00C04F79EFBC}") = "Unity.CollabProxy.Editor", "Unity.CollabProxy.Editor.csproj", "{D2C547BC-225E-26A2-EEC2-06AC8D774E88}"
EndProject
Project("{FAE04EC0-301F-11D3-BF4B-00C04F79EFBC}") = "Unity.VSCode.Editor", "Unity.VSCode.Editor.csproj", "{9554062E-CF5C-13A1-C6B2-D3F053C327F9}"
EndProject
Project("{FAE04EC0-301F-11D3-BF4B-00C04F79EFBC}") = "Unity.Rider.Editor", "Unity.Rider.Editor.csproj", "{417D4DA7-4CB5-3B67-E442-5CFD097C33C6}"
EndProject
Project("{FAE04EC0-301F-11D3-BF4B-00C04F79EFBC}") = "com.unity.cinemachine.editor", "com.unity.cinemachine.editor.csproj", "{33E72A4E-3CBA-C8F1-2D33-0B0DDC68AEDC}"
EndProject
Project("{FAE04EC0-301F-11D3-BF4B-00C04F79EFBC}") = "UnityEngine.TestRunner", "UnityEngine.TestRunner.Player.csproj", "{7272AF08-E588-2C46-4DC1-41B944BB70E2}"
EndProject
Project("{FAE04EC0-301F-11D3-BF4B-00C04F79EFBC}") = "UnityEngine.UI", "UnityEngine.UI.Player.csproj", "{8E91287C-37CE-90D5-3C96-575E5BA0B389}"
EndProject
Project("{FAE04EC0-301F-11D3-BF4B-00C04F79EFBC}") = "Unity.Timeline", "Unity.Timeline.Player.csproj", "{93041786-AB45-20AE-4BFC-3DD256AFBB26}"
EndProject
Project("{FAE04EC0-301F-11D3-BF4B-00C04F79EFBC}") = "Unity.TextMeshPro", "Unity.TextMeshPro.Player.csproj", "{7EAC9E40-74FB-3803-519E-2469BCB141D7}"
EndProject
Project("{FAE04EC0-301F-11D3-BF4B-00C04F79EFBC}") = "Assembly-CSharp", "Assembly-CSharp.Player.csproj", "{05EE7BDC-49DB-B9EB-BF15-7C82F9D00001}"
EndProject
Project("{FAE04EC0-301F-11D3-BF4B-00C04F79EFBC}") = "Cinemachine", "Cinemachine.Player.csproj", "{952A45CC-B9AA-642D-D81C-04AFE5D24A5C}"
EndProject
Global
	GlobalSection(SolutionConfigurationPlatforms) = preSolution
		Debug|Any CPU = Debug|Any CPU
		Release|Any CPU = Release|Any CPU
	EndGlobalSection
	GlobalSection(ProjectConfigurationPlatforms) = postSolution
		{42F0E46D-FA5E-6A49-3083-7225BB05C5BC}.Debug|Any CPU.ActiveCfg = Debug|Any CPU
		{42F0E46D-FA5E-6A49-3083-7225BB05C5BC}.Debug|Any CPU.Build.0 = Debug|Any CPU
		{42F0E46D-FA5E-6A49-3083-7225BB05C5BC}.Release|Any CPU.ActiveCfg = Release|Any CPU
		{42F0E46D-FA5E-6A49-3083-7225BB05C5BC}.Release|Any CPU.Build.0 = Release|Any CPU
		{D9267D12-E2E8-6BD2-ED57-95CBD7593A5B}.Debug|Any CPU.ActiveCfg = Debug|Any CPU
		{D9267D12-E2E8-6BD2-ED57-95CBD7593A5B}.Debug|Any CPU.Build.0 = Debug|Any CPU
		{D9267D12-E2E8-6BD2-ED57-95CBD7593A5B}.Release|Any CPU.ActiveCfg = Release|Any CPU
		{D9267D12-E2E8-6BD2-ED57-95CBD7593A5B}.Release|Any CPU.Build.0 = Release|Any CPU
		{B9143C8D-F625-583B-7F4F-ECCA1BBA2E19}.Debug|Any CPU.ActiveCfg = Debug|Any CPU
		{B9143C8D-F625-583B-7F4F-ECCA1BBA2E19}.Debug|Any CPU.Build.0 = Debug|Any CPU
		{B9143C8D-F625-583B-7F4F-ECCA1BBA2E19}.Release|Any CPU.ActiveCfg = Release|Any CPU
		{B9143C8D-F625-583B-7F4F-ECCA1BBA2E19}.Release|Any CPU.Build.0 = Release|Any CPU
		{DBD78167-A755-C34E-AFD8-01A2C4521664}.Debug|Any CPU.ActiveCfg = Debug|Any CPU
		{DBD78167-A755-C34E-AFD8-01A2C4521664}.Debug|Any CPU.Build.0 = Debug|Any CPU
		{DBD78167-A755-C34E-AFD8-01A2C4521664}.Release|Any CPU.ActiveCfg = Release|Any CPU
		{DBD78167-A755-C34E-AFD8-01A2C4521664}.Release|Any CPU.Build.0 = Release|Any CPU
		{BFB4B27C-2532-38D5-A126-B4BE8C6796E8}.Debug|Any CPU.ActiveCfg = Debug|Any CPU
		{BFB4B27C-2532-38D5-A126-B4BE8C6796E8}.Debug|Any CPU.Build.0 = Debug|Any CPU
		{BFB4B27C-2532-38D5-A126-B4BE8C6796E8}.Release|Any CPU.ActiveCfg = Release|Any CPU
		{BFB4B27C-2532-38D5-A126-B4BE8C6796E8}.Release|Any CPU.Build.0 = Release|Any CPU
		{EFC02945-3955-AF2F-5B4D-E370A07A1D0B}.Debug|Any CPU.ActiveCfg = Debug|Any CPU
		{EFC02945-3955-AF2F-5B4D-E370A07A1D0B}.Debug|Any CPU.Build.0 = Debug|Any CPU
		{EFC02945-3955-AF2F-5B4D-E370A07A1D0B}.Release|Any CPU.ActiveCfg = Release|Any CPU
		{EFC02945-3955-AF2F-5B4D-E370A07A1D0B}.Release|Any CPU.Build.0 = Release|Any CPU
		{E0005E31-3CD1-2C0A-A9E5-CB80E182CD79}.Debug|Any CPU.ActiveCfg = Debug|Any CPU
		{E0005E31-3CD1-2C0A-A9E5-CB80E182CD79}.Debug|Any CPU.Build.0 = Debug|Any CPU
		{E0005E31-3CD1-2C0A-A9E5-CB80E182CD79}.Release|Any CPU.ActiveCfg = Release|Any CPU
		{E0005E31-3CD1-2C0A-A9E5-CB80E182CD79}.Release|Any CPU.Build.0 = Release|Any CPU
		{D3F9CEE4-0B09-BB14-8DAB-C8EF07519396}.Debug|Any CPU.ActiveCfg = Debug|Any CPU
		{D3F9CEE4-0B09-BB14-8DAB-C8EF07519396}.Debug|Any CPU.Build.0 = Debug|Any CPU
		{D3F9CEE4-0B09-BB14-8DAB-C8EF07519396}.Release|Any CPU.ActiveCfg = Release|Any CPU
		{D3F9CEE4-0B09-BB14-8DAB-C8EF07519396}.Release|Any CPU.Build.0 = Release|Any CPU
		{D470A338-7A05-0683-E507-94EBF4891716}.Debug|Any CPU.ActiveCfg = Debug|Any CPU
		{D470A338-7A05-0683-E507-94EBF4891716}.Debug|Any CPU.Build.0 = Debug|Any CPU
		{D470A338-7A05-0683-E507-94EBF4891716}.Release|Any CPU.ActiveCfg = Release|Any CPU
		{D470A338-7A05-0683-E507-94EBF4891716}.Release|Any CPU.Build.0 = Release|Any CPU
		{D1C6C55B-07A5-61CF-CBD1-927B47D55AED}.Debug|Any CPU.ActiveCfg = Debug|Any CPU
		{D1C6C55B-07A5-61CF-CBD1-927B47D55AED}.Debug|Any CPU.Build.0 = Debug|Any CPU
		{D1C6C55B-07A5-61CF-CBD1-927B47D55AED}.Release|Any CPU.ActiveCfg = Release|Any CPU
		{D1C6C55B-07A5-61CF-CBD1-927B47D55AED}.Release|Any CPU.Build.0 = Release|Any CPU
		{95082657-8CD4-DBD3-B7CE-B4ECFB516984}.Debug|Any CPU.ActiveCfg = Debug|Any CPU
		{95082657-8CD4-DBD3-B7CE-B4ECFB516984}.Debug|Any CPU.Build.0 = Debug|Any CPU
		{95082657-8CD4-DBD3-B7CE-B4ECFB516984}.Release|Any CPU.ActiveCfg = Release|Any CPU
		{95082657-8CD4-DBD3-B7CE-B4ECFB516984}.Release|Any CPU.Build.0 = Release|Any CPU
		{D2C547BC-225E-26A2-EEC2-06AC8D774E88}.Debug|Any CPU.ActiveCfg = Debug|Any CPU
		{D2C547BC-225E-26A2-EEC2-06AC8D774E88}.Debug|Any CPU.Build.0 = Debug|Any CPU
		{D2C547BC-225E-26A2-EEC2-06AC8D774E88}.Release|Any CPU.ActiveCfg = Release|Any CPU
		{D2C547BC-225E-26A2-EEC2-06AC8D774E88}.Release|Any CPU.Build.0 = Release|Any CPU
		{9554062E-CF5C-13A1-C6B2-D3F053C327F9}.Debug|Any CPU.ActiveCfg = Debug|Any CPU
		{9554062E-CF5C-13A1-C6B2-D3F053C327F9}.Debug|Any CPU.Build.0 = Debug|Any CPU
		{9554062E-CF5C-13A1-C6B2-D3F053C327F9}.Release|Any CPU.ActiveCfg = Release|Any CPU
		{9554062E-CF5C-13A1-C6B2-D3F053C327F9}.Release|Any CPU.Build.0 = Release|Any CPU
		{417D4DA7-4CB5-3B67-E442-5CFD097C33C6}.Debug|Any CPU.ActiveCfg = Debug|Any CPU
		{417D4DA7-4CB5-3B67-E442-5CFD097C33C6}.Debug|Any CPU.Build.0 = Debug|Any CPU
		{417D4DA7-4CB5-3B67-E442-5CFD097C33C6}.Release|Any CPU.ActiveCfg = Release|Any CPU
		{417D4DA7-4CB5-3B67-E442-5CFD097C33C6}.Release|Any CPU.Build.0 = Release|Any CPU
		{33E72A4E-3CBA-C8F1-2D33-0B0DDC68AEDC}.Debug|Any CPU.ActiveCfg = Debug|Any CPU
		{33E72A4E-3CBA-C8F1-2D33-0B0DDC68AEDC}.Debug|Any CPU.Build.0 = Debug|Any CPU
		{33E72A4E-3CBA-C8F1-2D33-0B0DDC68AEDC}.Release|Any CPU.ActiveCfg = Release|Any CPU
		{33E72A4E-3CBA-C8F1-2D33-0B0DDC68AEDC}.Release|Any CPU.Build.0 = Release|Any CPU
		{7272AF08-E588-2C46-4DC1-41B944BB70E2}.Debug|Any CPU.ActiveCfg = Debug|Any CPU
		{7272AF08-E588-2C46-4DC1-41B944BB70E2}.Debug|Any CPU.Build.0 = Debug|Any CPU
		{7272AF08-E588-2C46-4DC1-41B944BB70E2}.Release|Any CPU.ActiveCfg = Release|Any CPU
		{7272AF08-E588-2C46-4DC1-41B944BB70E2}.Release|Any CPU.Build.0 = Release|Any CPU
		{8E91287C-37CE-90D5-3C96-575E5BA0B389}.Debug|Any CPU.ActiveCfg = Debug|Any CPU
		{8E91287C-37CE-90D5-3C96-575E5BA0B389}.Debug|Any CPU.Build.0 = Debug|Any CPU
		{8E91287C-37CE-90D5-3C96-575E5BA0B389}.Release|Any CPU.ActiveCfg = Release|Any CPU
		{8E91287C-37CE-90D5-3C96-575E5BA0B389}.Release|Any CPU.Build.0 = Release|Any CPU
		{93041786-AB45-20AE-4BFC-3DD256AFBB26}.Debug|Any CPU.ActiveCfg = Debug|Any CPU
		{93041786-AB45-20AE-4BFC-3DD256AFBB26}.Debug|Any CPU.Build.0 = Debug|Any CPU
		{93041786-AB45-20AE-4BFC-3DD256AFBB26}.Release|Any CPU.ActiveCfg = Release|Any CPU
		{93041786-AB45-20AE-4BFC-3DD256AFBB26}.Release|Any CPU.Build.0 = Release|Any CPU
		{7EAC9E40-74FB-3803-519E-2469BCB141D7}.Debug|Any CPU.ActiveCfg = Debug|Any CPU
		{7EAC9E40-74FB-3803-519E-2469BCB141D7}.Debug|Any CPU.Build.0 = Debug|Any CPU
		{7EAC9E40-74FB-3803-519E-2469BCB141D7}.Release|Any CPU.ActiveCfg = Release|Any CPU
		{7EAC9E40-74FB-3803-519E-2469BCB141D7}.Release|Any CPU.Build.0 = Release|Any CPU
		{05EE7BDC-49DB-B9EB-BF15-7C82F9D00001}.Debug|Any CPU.ActiveCfg = Debug|Any CPU
		{05EE7BDC-49DB-B9EB-BF15-7C82F9D00001}.Debug|Any CPU.Build.0 = Debug|Any CPU
		{05EE7BDC-49DB-B9EB-BF15-7C82F9D00001}.Release|Any CPU.ActiveCfg = Release|Any CPU
		{05EE7BDC-49DB-B9EB-BF15-7C82F9D00001}.Release|Any CPU.Build.0 = Release|Any CPU
		{952A45CC-B9AA-642D-D81C-04AFE5D24A5C}.Debug|Any CPU.ActiveCfg = Debug|Any CPU
		{952A45CC-B9AA-642D-D81C-04AFE5D24A5C}.Debug|Any CPU.Build.0 = Debug|Any CPU
		{952A45CC-B9AA-642D-D81C-04AFE5D24A5C}.Release|Any CPU.ActiveCfg = Release|Any CPU
		{952A45CC-B9AA-642D-D81C-04AFE5D24A5C}.Release|Any CPU.Build.0 = Release|Any CPU
	EndGlobalSection
	GlobalSection(SolutionProperties) = preSolution
		HideSolutionNode = FALSE
	EndGlobalSection
EndGlobal
